
Microsoft Visual Studio Solution File, Format Version 12.00
Project("{FAE04EC0-301F-11D3-BF4B-00C04F79EFBC}") = "SigletonTask1", "SigletonTask1\SigletonTask1.csproj", "{ADB1186D-F565-427C-B134-0E5A939D1D4D}"
EndProject
Project("{FAE04EC0-301F-11D3-BF4B-00C04F79EFBC}") = "SingletonTask2", "SingletonTask2\SingletonTask2.csproj", "{778C4F58-059C-4352-B213-0CE35C571D51}"
EndProject
Project("{FAE04EC0-301F-11D3-BF4B-00C04F79EFBC}") = "MultitonTask", "MultitonTask\MultitonTask.csproj", "{3CC350BE-8E2A-4163-878C-6E5E41D125F5}"
EndProject
Project("{FAE04EC0-301F-11D3-BF4B-00C04F79EFBC}") = "BuilderTask1", "BuilderTask1\BuilderTask1.csproj", "{810B18BD-90A6-4498-A948-7A0A984D1DD9}"
EndProject
Project("{FAE04EC0-301F-11D3-BF4B-00C04F79EFBC}") = "BuilderTask2", "BuilderTask2\BuilderTask2.csproj", "{B7458A53-8B28-4A92-A4A5-ABCBAD70C805}"
EndProject
Project("{FAE04EC0-301F-11D3-BF4B-00C04F79EFBC}") = "BuilderTask3", "BuilderTask3\BuilderTask3.csproj", "{4AF92918-7CBD-493E-831E-6FDF9B9DE1A1}"
EndProject
Project("{FAE04EC0-301F-11D3-BF4B-00C04F79EFBC}") = "ProxyTask1", "ProxyTask1\ProxyTask1.csproj", "{BBD045F7-C300-4DD8-938F-9A8609574735}"
EndProject
Project("{FAE04EC0-301F-11D3-BF4B-00C04F79EFBC}") = "ProxyTask2", "ProxyTask2\ProxyTask2.csproj", "{DAB96394-F252-4D25-92AA-60D0724EB1E2}"
EndProject
Project("{FAE04EC0-301F-11D3-BF4B-00C04F79EFBC}") = "ProxyTask3", "ProxyTask3\ProxyTask3.csproj", "{CC249396-3038-4EBD-9A92-BF24CA2EBF9C}"
EndProject
Project("{FAE04EC0-301F-11D3-BF4B-00C04F79EFBC}") = "AdapterTask1", "AdapterTask1\AdapterTask1.csproj", "{B0F6E378-2936-40AD-9672-287AA1361A88}"
EndProject
Project("{FAE04EC0-301F-11D3-BF4B-00C04F79EFBC}") = "AdapterTask2", "AdapterTask2\AdapterTask2.csproj", "{D74A37E0-0BD1-4161-909D-3BF51A38F1FE}"
EndProject
Project("{FAE04EC0-301F-11D3-BF4B-00C04F79EFBC}") = "StateTask1", "StateTask1\StateTask1.csproj", "{CFF25D10-4BFA-4921-B573-CEEE4EDECCAA}"
EndProject
Project("{FAE04EC0-301F-11D3-BF4B-00C04F79EFBC}") = "StateTask2", "StateTask2\StateTask2.csproj", "{A7E32B44-7381-43D1-94DD-1459DEDBEFD6}"
EndProject
Project("{FAE04EC0-301F-11D3-BF4B-00C04F79EFBC}") = "ObserverTask1", "ObserverTask1\ObserverTask1.csproj", "{26FCFB82-5457-4622-8C94-BD1E6E77AB84}"
EndProject
Global
	GlobalSection(SolutionConfigurationPlatforms) = preSolution
		Debug|Any CPU = Debug|Any CPU
		Release|Any CPU = Release|Any CPU
	EndGlobalSection
	GlobalSection(ProjectConfigurationPlatforms) = postSolution
		{ADB1186D-F565-427C-B134-0E5A939D1D4D}.Debug|Any CPU.ActiveCfg = Debug|Any CPU
		{ADB1186D-F565-427C-B134-0E5A939D1D4D}.Debug|Any CPU.Build.0 = Debug|Any CPU
		{ADB1186D-F565-427C-B134-0E5A939D1D4D}.Release|Any CPU.ActiveCfg = Release|Any CPU
		{ADB1186D-F565-427C-B134-0E5A939D1D4D}.Release|Any CPU.Build.0 = Release|Any CPU
		{778C4F58-059C-4352-B213-0CE35C571D51}.Debug|Any CPU.ActiveCfg = Debug|Any CPU
		{778C4F58-059C-4352-B213-0CE35C571D51}.Debug|Any CPU.Build.0 = Debug|Any CPU
		{778C4F58-059C-4352-B213-0CE35C571D51}.Release|Any CPU.ActiveCfg = Release|Any CPU
		{778C4F58-059C-4352-B213-0CE35C571D51}.Release|Any CPU.Build.0 = Release|Any CPU
		{3CC350BE-8E2A-4163-878C-6E5E41D125F5}.Debug|Any CPU.ActiveCfg = Debug|Any CPU
		{3CC350BE-8E2A-4163-878C-6E5E41D125F5}.Debug|Any CPU.Build.0 = Debug|Any CPU
		{3CC350BE-8E2A-4163-878C-6E5E41D125F5}.Release|Any CPU.ActiveCfg = Release|Any CPU
		{3CC350BE-8E2A-4163-878C-6E5E41D125F5}.Release|Any CPU.Build.0 = Release|Any CPU
		{810B18BD-90A6-4498-A948-7A0A984D1DD9}.Debug|Any CPU.ActiveCfg = Debug|Any CPU
		{810B18BD-90A6-4498-A948-7A0A984D1DD9}.Debug|Any CPU.Build.0 = Debug|Any CPU
		{810B18BD-90A6-4498-A948-7A0A984D1DD9}.Release|Any CPU.ActiveCfg = Release|Any CPU
		{810B18BD-90A6-4498-A948-7A0A984D1DD9}.Release|Any CPU.Build.0 = Release|Any CPU
		{B7458A53-8B28-4A92-A4A5-ABCBAD70C805}.Debug|Any CPU.ActiveCfg = Debug|Any CPU
		{B7458A53-8B28-4A92-A4A5-ABCBAD70C805}.Debug|Any CPU.Build.0 = Debug|Any CPU
		{B7458A53-8B28-4A92-A4A5-ABCBAD70C805}.Release|Any CPU.ActiveCfg = Release|Any CPU
		{B7458A53-8B28-4A92-A4A5-ABCBAD70C805}.Release|Any CPU.Build.0 = Release|Any CPU
		{4AF92918-7CBD-493E-831E-6FDF9B9DE1A1}.Debug|Any CPU.ActiveCfg = Debug|Any CPU
		{4AF92918-7CBD-493E-831E-6FDF9B9DE1A1}.Debug|Any CPU.Build.0 = Debug|Any CPU
		{4AF92918-7CBD-493E-831E-6FDF9B9DE1A1}.Release|Any CPU.ActiveCfg = Release|Any CPU
		{4AF92918-7CBD-493E-831E-6FDF9B9DE1A1}.Release|Any CPU.Build.0 = Release|Any CPU
		{BBD045F7-C300-4DD8-938F-9A8609574735}.Debug|Any CPU.ActiveCfg = Debug|Any CPU
		{BBD045F7-C300-4DD8-938F-9A8609574735}.Debug|Any CPU.Build.0 = Debug|Any CPU
		{BBD045F7-C300-4DD8-938F-9A8609574735}.Release|Any CPU.ActiveCfg = Release|Any CPU
		{BBD045F7-C300-4DD8-938F-9A8609574735}.Release|Any CPU.Build.0 = Release|Any CPU
		{DAB96394-F252-4D25-92AA-60D0724EB1E2}.Debug|Any CPU.ActiveCfg = Debug|Any CPU
		{DAB96394-F252-4D25-92AA-60D0724EB1E2}.Debug|Any CPU.Build.0 = Debug|Any CPU
		{DAB96394-F252-4D25-92AA-60D0724EB1E2}.Release|Any CPU.ActiveCfg = Release|Any CPU
		{DAB96394-F252-4D25-92AA-60D0724EB1E2}.Release|Any CPU.Build.0 = Release|Any CPU
		{CC249396-3038-4EBD-9A92-BF24CA2EBF9C}.Debug|Any CPU.ActiveCfg = Debug|Any CPU
		{CC249396-3038-4EBD-9A92-BF24CA2EBF9C}.Debug|Any CPU.Build.0 = Debug|Any CPU
		{CC249396-3038-4EBD-9A92-BF24CA2EBF9C}.Release|Any CPU.ActiveCfg = Release|Any CPU
		{CC249396-3038-4EBD-9A92-BF24CA2EBF9C}.Release|Any CPU.Build.0 = Release|Any CPU
		{B0F6E378-2936-40AD-9672-287AA1361A88}.Debug|Any CPU.ActiveCfg = Debug|Any CPU
		{B0F6E378-2936-40AD-9672-287AA1361A88}.Debug|Any CPU.Build.0 = Debug|Any CPU
		{B0F6E378-2936-40AD-9672-287AA1361A88}.Release|Any CPU.ActiveCfg = Release|Any CPU
		{B0F6E378-2936-40AD-9672-287AA1361A88}.Release|Any CPU.Build.0 = Release|Any CPU
		{D74A37E0-0BD1-4161-909D-3BF51A38F1FE}.Debug|Any CPU.ActiveCfg = Debug|Any CPU
		{D74A37E0-0BD1-4161-909D-3BF51A38F1FE}.Debug|Any CPU.Build.0 = Debug|Any CPU
		{D74A37E0-0BD1-4161-909D-3BF51A38F1FE}.Release|Any CPU.ActiveCfg = Release|Any CPU
		{D74A37E0-0BD1-4161-909D-3BF51A38F1FE}.Release|Any CPU.Build.0 = Release|Any CPU
		{CFF25D10-4BFA-4921-B573-CEEE4EDECCAA}.Debug|Any CPU.ActiveCfg = Debug|Any CPU
		{CFF25D10-4BFA-4921-B573-CEEE4EDECCAA}.Debug|Any CPU.Build.0 = Debug|Any CPU
		{CFF25D10-4BFA-4921-B573-CEEE4EDECCAA}.Release|Any CPU.ActiveCfg = Release|Any CPU
		{CFF25D10-4BFA-4921-B573-CEEE4EDECCAA}.Release|Any CPU.Build.0 = Release|Any CPU
		{A7E32B44-7381-43D1-94DD-1459DEDBEFD6}.Debug|Any CPU.ActiveCfg = Debug|Any CPU
		{A7E32B44-7381-43D1-94DD-1459DEDBEFD6}.Debug|Any CPU.Build.0 = Debug|Any CPU
		{A7E32B44-7381-43D1-94DD-1459DEDBEFD6}.Release|Any CPU.ActiveCfg = Release|Any CPU
		{A7E32B44-7381-43D1-94DD-1459DEDBEFD6}.Release|Any CPU.Build.0 = Release|Any CPU
		{26FCFB82-5457-4622-8C94-BD1E6E77AB84}.Debug|Any CPU.ActiveCfg = Debug|Any CPU
		{26FCFB82-5457-4622-8C94-BD1E6E77AB84}.Debug|Any CPU.Build.0 = Debug|Any CPU
		{26FCFB82-5457-4622-8C94-BD1E6E77AB84}.Release|Any CPU.ActiveCfg = Release|Any CPU
		{26FCFB82-5457-4622-8C94-BD1E6E77AB84}.Release|Any CPU.Build.0 = Release|Any CPU
	EndGlobalSection
EndGlobal
